# This file is autogenerated, do not edit; changes may be undone by the next 'dep ensure'.


[[projects]]
  branch = "master"
  digest = "1:5263ca2cd55c5cca6cee30136709bceb8b90d88f7aa2fc6a3e1b3238fe26528b"
  name = "github.com/mikkeloscar/sshconfig"
  packages = ["."]
  pruneopts = ""
  revision = "501286685510343458a6e698a18174f5242749f3"

[[projects]]
  branch = "master"
  digest = "1:59d11e81d6fdd12a771321696bb22abdd9a94d26ac864787e98c9b419e428734"
  name = "github.com/mitchellh/go-homedir"
  packages = ["."]
  pruneopts = ""
  revision = "b8bc1bf767474819792c23f32d8286a45736f1c6"

[[projects]]
  digest = "1:7f569d906bdd20d906b606415b7d794f798f91a62fcfb6a4daa6d50690fb7a3f"
  name = "github.com/satori/go.uuid"
  packages = ["."]
  pruneopts = ""
  revision = "f58768cc1a7a7e77a3bd49e98cdd21419399b6a3"
  version = "v1.2.0"

[[projects]]
  digest = "1:bb4bd8edc7a06779b532e7eaeb23236d6224a188c66c0ec83d7394ec9e51527d"
  name = "github.com/youtube/vitess"
  packages = ["go/ioutil2"]
  pruneopts = ""
  revision = "89cc312b4da3004d3b5382cf2b37d70e901b1c36"
  version = "v2.1.1"

[solve-meta]
  analyzer-name = "dep"
  analyzer-version = 1
  input-imports = [
    "github.com/mikkeloscar/sshconfig",
    "github.com/mitchellh/go-homedir",
    "github.com/satori/go.uuid",
    "github.com/youtube/vitess/go/ioutil2",
  ]
  solver-name = "gps-cdcl"
  solver-version = 1
