# This file is autogenerated, do not edit; changes may be undone by the next 'dep ensure'.


[[projects]]
  branch = "master"
  digest = "1:3ae02f30f9f7a0c3f57f8178c44c309141c75a3f0e3350d90cbd51bd98fd74bb"
  name = "github.com/mikkeloscar/sshconfig"
  packages = ["."]
  pruneopts = ""
  revision = "056592cb6962e83d208af2e58d90c3759ba09825"

[[projects]]
  branch = "master"
  digest = "1:096a8a9182648da3d00ff243b88407838902b6703fc12657f76890e08d1899bf"
  name = "github.com/mitchellh/go-homedir"
  packages = ["."]
  pruneopts = ""
  revision = "ae18d6b8b3205b561c79e8e5f69bff09736185f4"

[[projects]]
  digest = "1:7f569d906bdd20d906b606415b7d794f798f91a62fcfb6a4daa6d50690fb7a3f"
  name = "github.com/satori/go.uuid"
  packages = ["."]
  pruneopts = ""
  revision = "f58768cc1a7a7e77a3bd49e98cdd21419399b6a3"
  version = "v1.2.0"

[[projects]]
  digest = "1:c04f8425afbb4fe70847f832fb4f773db79f9b0460bdbdd112282a369a401638"
  name = "github.com/youtube/vitess"
  packages = ["go/ioutil2"]
  pruneopts = ""
  revision = "66e84fadcc1a7e956e7ffcebcaaba0b04132ca1f"
  version = "v2.2"

[solve-meta]
  analyzer-name = "dep"
  analyzer-version = 1
  input-imports = [
    "github.com/mikkeloscar/sshconfig",
    "github.com/mitchellh/go-homedir",
    "github.com/satori/go.uuid",
    "github.com/youtube/vitess/go/ioutil2",
  ]
  solver-name = "gps-cdcl"
  solver-version = 1
